// !$*UTF8*$!
{
	archiveVersion = 1;
	classes = {
	};
	objectVersion = 56;
	objects = {

/* Begin PBXBuildFile section */
		BD2EC6FB2A95809A003974BD /* AppDelegate.swift in Sources */ = {isa = PBXBuildFile; fileRef = BD2EC6FA2A95809A003974BD /* AppDelegate.swift */; };
		BD2EC6FD2A95809A003974BD /* SceneDelegate.swift in Sources */ = {isa = PBXBuildFile; fileRef = BD2EC6FC2A95809A003974BD /* SceneDelegate.swift */; };
		BD2EC6FF2A95809A003974BD /* CoursesViewController.swift in Sources */ = {isa = PBXBuildFile; fileRef = BD2EC6FE2A95809A003974BD /* CoursesViewController.swift */; };
		BD2EC7042A95809B003974BD /* Assets.xcassets in Resources */ = {isa = PBXBuildFile; fileRef = BD2EC7032A95809B003974BD /* Assets.xcassets */; };
		BD2EC7072A95809B003974BD /* LaunchScreen.storyboard in Resources */ = {isa = PBXBuildFile; fileRef = BD2EC7052A95809B003974BD /* LaunchScreen.storyboard */; };
		BD2EC7122A95809B003974BD /* MyCourseTests.swift in Sources */ = {isa = PBXBuildFile; fileRef = BD2EC7112A95809B003974BD /* MyCourseTests.swift */; };
		BD2EC71C2A95809B003974BD /* MyCourseUITests.swift in Sources */ = {isa = PBXBuildFile; fileRef = BD2EC71B2A95809B003974BD /* MyCourseUITests.swift */; };
		BD2EC71E2A95809B003974BD /* MyCourseUITestsLaunchTests.swift in Sources */ = {isa = PBXBuildFile; fileRef = BD2EC71D2A95809B003974BD /* MyCourseUITestsLaunchTests.swift */; };
		BD2EC72D2A9589A8003974BD /* Inject in Frameworks */ = {isa = PBXBuildFile; productRef = BD2EC72C2A9589A8003974BD /* Inject */; };
		BD39BA9B2A9EB179003603A7 /* Section.swift in Sources */ = {isa = PBXBuildFile; fileRef = BD39BA9A2A9EB179003603A7 /* Section.swift */; };
		BD39BA9D2A9EB186003603A7 /* Topics.swift in Sources */ = {isa = PBXBuildFile; fileRef = BD39BA9C2A9EB186003603A7 /* Topics.swift */; };
		BD39BA9F2A9EB6E9003603A7 /* SectionTableCell.swift in Sources */ = {isa = PBXBuildFile; fileRef = BD39BA9E2A9EB6E9003603A7 /* SectionTableCell.swift */; };
		BD39BAA32A9F0AD8003603A7 /* SelfSizedTable.swift in Sources */ = {isa = PBXBuildFile; fileRef = BD39BAA22A9F0AD8003603A7 /* SelfSizedTable.swift */; };
		BD39BAA62A9F1CF6003603A7 /* Handbooks.swift in Sources */ = {isa = PBXBuildFile; fileRef = BD39BAA52A9F1CF6003603A7 /* Handbooks.swift */; };
		BD39BAA82A9F31C4003603A7 /* TopicCell.swift in Sources */ = {isa = PBXBuildFile; fileRef = BD39BAA72A9F31C4003603A7 /* TopicCell.swift */; };
		BD39BAAA2A9F3F3B003603A7 /* SectionCollectionCell.swift in Sources */ = {isa = PBXBuildFile; fileRef = BD39BAA92A9F3F3B003603A7 /* SectionCollectionCell.swift */; };
		BD3FB4922A9DB41500BB2A8D /* CourseViewController.swift in Sources */ = {isa = PBXBuildFile; fileRef = BD3FB4912A9DB41500BB2A8D /* CourseViewController.swift */; };
		BD5034722A96DB5D00A7C246 /* CourseTableCell.swift in Sources */ = {isa = PBXBuildFile; fileRef = BD5034712A96DB5D00A7C246 /* CourseTableCell.swift */; };
		BDCD0BC92A9874F200A87127 /* ExploreViewController.swift in Sources */ = {isa = PBXBuildFile; fileRef = BDCD0BC82A9874F200A87127 /* ExploreViewController.swift */; };
		BDCD0BCB2A9874FD00A87127 /* NotificationsViewController.swift in Sources */ = {isa = PBXBuildFile; fileRef = BDCD0BCA2A9874FD00A87127 /* NotificationsViewController.swift */; };
		BDCD0BCD2A98750800A87127 /* LibraryViewController.swift in Sources */ = {isa = PBXBuildFile; fileRef = BDCD0BCC2A98750800A87127 /* LibraryViewController.swift */; };
		BDCD0BCF2A9886FB00A87127 /* TabBarController.swift in Sources */ = {isa = PBXBuildFile; fileRef = BDCD0BCE2A9886FB00A87127 /* TabBarController.swift */; };
		BDEEA2F22A95D5EC00AFD019 /* Course.swift in Sources */ = {isa = PBXBuildFile; fileRef = BDEEA2F12A95D5EC00AFD019 /* Course.swift */; };
		BDEEA2F72A95DEE300AFD019 /* HandbookCell.swift in Sources */ = {isa = PBXBuildFile; fileRef = BDEEA2F62A95DEE300AFD019 /* HandbookCell.swift */; };
/* End PBXBuildFile section */

/* Begin PBXContainerItemProxy section */
		BD2EC70E2A95809B003974BD /* PBXContainerItemProxy */ = {
			isa = PBXContainerItemProxy;
			containerPortal = BD2EC6EF2A95809A003974BD /* Project object */;
			proxyType = 1;
			remoteGlobalIDString = BD2EC6F62A95809A003974BD;
			remoteInfo = MyCourse;
		};
		BD2EC7182A95809B003974BD /* PBXContainerItemProxy */ = {
			isa = PBXContainerItemProxy;
			containerPortal = BD2EC6EF2A95809A003974BD /* Project object */;
			proxyType = 1;
			remoteGlobalIDString = BD2EC6F62A95809A003974BD;
			remoteInfo = MyCourse;
		};
/* End PBXContainerItemProxy section */

/* Begin PBXFileReference section */
		BD2EC6F72A95809A003974BD /* MyCourse.app */ = {isa = PBXFileReference; explicitFileType = wrapper.application; includeInIndex = 0; path = MyCourse.app; sourceTree = BUILT_PRODUCTS_DIR; };
		BD2EC6FA2A95809A003974BD /* AppDelegate.swift */ = {isa = PBXFileReference; lastKnownFileType = sourcecode.swift; path = AppDelegate.swift; sourceTree = "<group>"; };
		BD2EC6FC2A95809A003974BD /* SceneDelegate.swift */ = {isa = PBXFileReference; lastKnownFileType = sourcecode.swift; path = SceneDelegate.swift; sourceTree = "<group>"; };
		BD2EC6FE2A95809A003974BD /* CoursesViewController.swift */ = {isa = PBXFileReference; lastKnownFileType = sourcecode.swift; path = CoursesViewController.swift; sourceTree = "<group>"; };
		BD2EC7032A95809B003974BD /* Assets.xcassets */ = {isa = PBXFileReference; lastKnownFileType = folder.assetcatalog; path = Assets.xcassets; sourceTree = "<group>"; };
		BD2EC7062A95809B003974BD /* Base */ = {isa = PBXFileReference; lastKnownFileType = file.storyboard; name = Base; path = Base.lproj/LaunchScreen.storyboard; sourceTree = "<group>"; };
		BD2EC7082A95809B003974BD /* Info.plist */ = {isa = PBXFileReference; lastKnownFileType = text.plist.xml; path = Info.plist; sourceTree = "<group>"; };
		BD2EC70D2A95809B003974BD /* MyCourseTests.xctest */ = {isa = PBXFileReference; explicitFileType = wrapper.cfbundle; includeInIndex = 0; path = MyCourseTests.xctest; sourceTree = BUILT_PRODUCTS_DIR; };
		BD2EC7112A95809B003974BD /* MyCourseTests.swift */ = {isa = PBXFileReference; lastKnownFileType = sourcecode.swift; path = MyCourseTests.swift; sourceTree = "<group>"; };
		BD2EC7172A95809B003974BD /* MyCourseUITests.xctest */ = {isa = PBXFileReference; explicitFileType = wrapper.cfbundle; includeInIndex = 0; path = MyCourseUITests.xctest; sourceTree = BUILT_PRODUCTS_DIR; };
		BD2EC71B2A95809B003974BD /* MyCourseUITests.swift */ = {isa = PBXFileReference; lastKnownFileType = sourcecode.swift; path = MyCourseUITests.swift; sourceTree = "<group>"; };
		BD2EC71D2A95809B003974BD /* MyCourseUITestsLaunchTests.swift */ = {isa = PBXFileReference; lastKnownFileType = sourcecode.swift; path = MyCourseUITestsLaunchTests.swift; sourceTree = "<group>"; };
		BD39BA9A2A9EB179003603A7 /* Section.swift */ = {isa = PBXFileReference; lastKnownFileType = sourcecode.swift; path = Section.swift; sourceTree = "<group>"; };
		BD39BA9C2A9EB186003603A7 /* Topics.swift */ = {isa = PBXFileReference; lastKnownFileType = sourcecode.swift; path = Topics.swift; sourceTree = "<group>"; };
		BD39BA9E2A9EB6E9003603A7 /* SectionTableCell.swift */ = {isa = PBXFileReference; lastKnownFileType = sourcecode.swift; path = SectionTableCell.swift; sourceTree = "<group>"; };
		BD39BAA22A9F0AD8003603A7 /* SelfSizedTable.swift */ = {isa = PBXFileReference; lastKnownFileType = sourcecode.swift; path = SelfSizedTable.swift; sourceTree = "<group>"; };
		BD39BAA52A9F1CF6003603A7 /* Handbooks.swift */ = {isa = PBXFileReference; lastKnownFileType = sourcecode.swift; path = Handbooks.swift; sourceTree = "<group>"; };
		BD39BAA72A9F31C4003603A7 /* TopicCell.swift */ = {isa = PBXFileReference; lastKnownFileType = sourcecode.swift; path = TopicCell.swift; sourceTree = "<group>"; };
		BD39BAA92A9F3F3B003603A7 /* SectionCollectionCell.swift */ = {isa = PBXFileReference; lastKnownFileType = sourcecode.swift; path = SectionCollectionCell.swift; sourceTree = "<group>"; };
		BD3FB4912A9DB41500BB2A8D /* CourseViewController.swift */ = {isa = PBXFileReference; lastKnownFileType = sourcecode.swift; path = CourseViewController.swift; sourceTree = "<group>"; };
		BD5034712A96DB5D00A7C246 /* CourseTableCell.swift */ = {isa = PBXFileReference; lastKnownFileType = sourcecode.swift; path = CourseTableCell.swift; sourceTree = "<group>"; };
		BDCD0BC82A9874F200A87127 /* ExploreViewController.swift */ = {isa = PBXFileReference; lastKnownFileType = sourcecode.swift; path = ExploreViewController.swift; sourceTree = "<group>"; };
		BDCD0BCA2A9874FD00A87127 /* NotificationsViewController.swift */ = {isa = PBXFileReference; lastKnownFileType = sourcecode.swift; path = NotificationsViewController.swift; sourceTree = "<group>"; };
		BDCD0BCC2A98750800A87127 /* LibraryViewController.swift */ = {isa = PBXFileReference; lastKnownFileType = sourcecode.swift; path = LibraryViewController.swift; sourceTree = "<group>"; };
		BDCD0BCE2A9886FB00A87127 /* TabBarController.swift */ = {isa = PBXFileReference; lastKnownFileType = sourcecode.swift; path = TabBarController.swift; sourceTree = "<group>"; };
		BDEEA2F12A95D5EC00AFD019 /* Course.swift */ = {isa = PBXFileReference; lastKnownFileType = sourcecode.swift; path = Course.swift; sourceTree = "<group>"; };
		BDEEA2F62A95DEE300AFD019 /* HandbookCell.swift */ = {isa = PBXFileReference; lastKnownFileType = sourcecode.swift; path = HandbookCell.swift; sourceTree = "<group>"; };
/* End PBXFileReference section */

/* Begin PBXFrameworksBuildPhase section */
		BD2EC6F42A95809A003974BD /* Frameworks */ = {
			isa = PBXFrameworksBuildPhase;
			buildActionMask = 2147483647;
			files = (
				BD2EC72D2A9589A8003974BD /* Inject in Frameworks */,
			);
			runOnlyForDeploymentPostprocessing = 0;
		};
		BD2EC70A2A95809B003974BD /* Frameworks */ = {
			isa = PBXFrameworksBuildPhase;
			buildActionMask = 2147483647;
			files = (
			);
			runOnlyForDeploymentPostprocessing = 0;
		};
		BD2EC7142A95809B003974BD /* Frameworks */ = {
			isa = PBXFrameworksBuildPhase;
			buildActionMask = 2147483647;
			files = (
			);
			runOnlyForDeploymentPostprocessing = 0;
		};
/* End PBXFrameworksBuildPhase section */

/* Begin PBXGroup section */
		BD2EC6EE2A95809A003974BD = {
			isa = PBXGroup;
			children = (
				BD2EC6F92A95809A003974BD /* MyCourse */,
				BD2EC7102A95809B003974BD /* MyCourseTests */,
				BD2EC71A2A95809B003974BD /* MyCourseUITests */,
				BD2EC6F82A95809A003974BD /* Products */,
			);
			sourceTree = "<group>";
		};
		BD2EC6F82A95809A003974BD /* Products */ = {
			isa = PBXGroup;
			children = (
				BD2EC6F72A95809A003974BD /* MyCourse.app */,
				BD2EC70D2A95809B003974BD /* MyCourseTests.xctest */,
				BD2EC7172A95809B003974BD /* MyCourseUITests.xctest */,
			);
			name = Products;
			sourceTree = "<group>";
		};
		BD2EC6F92A95809A003974BD /* MyCourse */ = {
			isa = PBXGroup;
			children = (
				BD39BAA42A9F1168003603A7 /* Components */,
				BDEEA2F52A95DEC300AFD019 /* Cells */,
				BDEEA2F02A95D5E200AFD019 /* Classes */,
				BD2EC6FA2A95809A003974BD /* AppDelegate.swift */,
				BD2EC6FC2A95809A003974BD /* SceneDelegate.swift */,
				BD2EC72A2A9580AC003974BD /* ViewControllers */,
				BD2EC7032A95809B003974BD /* Assets.xcassets */,
				BD2EC7052A95809B003974BD /* LaunchScreen.storyboard */,
				BD2EC7082A95809B003974BD /* Info.plist */,
			);
			path = MyCourse;
			sourceTree = "<group>";
		};
		BD2EC7102A95809B003974BD /* MyCourseTests */ = {
			isa = PBXGroup;
			children = (
				BD2EC7112A95809B003974BD /* MyCourseTests.swift */,
			);
			path = MyCourseTests;
			sourceTree = "<group>";
		};
		BD2EC71A2A95809B003974BD /* MyCourseUITests */ = {
			isa = PBXGroup;
			children = (
				BD2EC71B2A95809B003974BD /* MyCourseUITests.swift */,
				BD2EC71D2A95809B003974BD /* MyCourseUITestsLaunchTests.swift */,
			);
			path = MyCourseUITests;
			sourceTree = "<group>";
		};
		BD2EC72A2A9580AC003974BD /* ViewControllers */ = {
			isa = PBXGroup;
			children = (
				BD2EC6FE2A95809A003974BD /* CoursesViewController.swift */,
				BDCD0BC82A9874F200A87127 /* ExploreViewController.swift */,
				BDCD0BCA2A9874FD00A87127 /* NotificationsViewController.swift */,
				BDCD0BCC2A98750800A87127 /* LibraryViewController.swift */,
				BDCD0BCE2A9886FB00A87127 /* TabBarController.swift */,
				BD3FB4912A9DB41500BB2A8D /* CourseViewController.swift */,
			);
			path = ViewControllers;
			sourceTree = "<group>";
		};
		BD39BAA42A9F1168003603A7 /* Components */ = {
			isa = PBXGroup;
			children = (
				BD39BAA22A9F0AD8003603A7 /* SelfSizedTable.swift */,
				BD39BAA52A9F1CF6003603A7 /* Handbooks.swift */,
			);
			path = Components;
			sourceTree = "<group>";
		};
		BDEEA2F02A95D5E200AFD019 /* Classes */ = {
			isa = PBXGroup;
			children = (
				BDEEA2F12A95D5EC00AFD019 /* Course.swift */,
				BD39BA9A2A9EB179003603A7 /* Section.swift */,
				BD39BA9C2A9EB186003603A7 /* Topics.swift */,
			);
			path = Classes;
			sourceTree = "<group>";
		};
		BDEEA2F52A95DEC300AFD019 /* Cells */ = {
			isa = PBXGroup;
			children = (
				BDEEA2F62A95DEE300AFD019 /* HandbookCell.swift */,
				BD5034712A96DB5D00A7C246 /* CourseTableCell.swift */,
				BD39BA9E2A9EB6E9003603A7 /* SectionTableCell.swift */,
				BD39BAA72A9F31C4003603A7 /* TopicCell.swift */,
				BD39BAA92A9F3F3B003603A7 /* SectionCollectionCell.swift */,
			);
			path = Cells;
			sourceTree = "<group>";
		};
/* End PBXGroup section */

/* Begin PBXNativeTarget section */
		BD2EC6F62A95809A003974BD /* MyCourse */ = {
			isa = PBXNativeTarget;
			buildConfigurationList = BD2EC7212A95809B003974BD /* Build configuration list for PBXNativeTarget "MyCourse" */;
			buildPhases = (
				BD2EC6F32A95809A003974BD /* Sources */,
				BD2EC6F42A95809A003974BD /* Frameworks */,
				BD2EC6F52A95809A003974BD /* Resources */,
			);
			buildRules = (
			);
			dependencies = (
			);
			name = MyCourse;
			packageProductDependencies = (
				BD2EC72C2A9589A8003974BD /* Inject */,
			);
			productName = MyCourse;
			productReference = BD2EC6F72A95809A003974BD /* MyCourse.app */;
			productType = "com.apple.product-type.application";
		};
		BD2EC70C2A95809B003974BD /* MyCourseTests */ = {
			isa = PBXNativeTarget;
			buildConfigurationList = BD2EC7242A95809B003974BD /* Build configuration list for PBXNativeTarget "MyCourseTests" */;
			buildPhases = (
				BD2EC7092A95809B003974BD /* Sources */,
				BD2EC70A2A95809B003974BD /* Frameworks */,
				BD2EC70B2A95809B003974BD /* Resources */,
			);
			buildRules = (
			);
			dependencies = (
				BD2EC70F2A95809B003974BD /* PBXTargetDependency */,
			);
			name = MyCourseTests;
			productName = MyCourseTests;
			productReference = BD2EC70D2A95809B003974BD /* MyCourseTests.xctest */;
			productType = "com.apple.product-type.bundle.unit-test";
		};
		BD2EC7162A95809B003974BD /* MyCourseUITests */ = {
			isa = PBXNativeTarget;
			buildConfigurationList = BD2EC7272A95809B003974BD /* Build configuration list for PBXNativeTarget "MyCourseUITests" */;
			buildPhases = (
				BD2EC7132A95809B003974BD /* Sources */,
				BD2EC7142A95809B003974BD /* Frameworks */,
				BD2EC7152A95809B003974BD /* Resources */,
			);
			buildRules = (
			);
			dependencies = (
				BD2EC7192A95809B003974BD /* PBXTargetDependency */,
			);
			name = MyCourseUITests;
			productName = MyCourseUITests;
			productReference = BD2EC7172A95809B003974BD /* MyCourseUITests.xctest */;
			productType = "com.apple.product-type.bundle.ui-testing";
		};
/* End PBXNativeTarget section */

/* Begin PBXProject section */
		BD2EC6EF2A95809A003974BD /* Project object */ = {
			isa = PBXProject;
			attributes = {
				BuildIndependentTargetsInParallel = 1;
				LastSwiftUpdateCheck = 1430;
				LastUpgradeCheck = 1430;
				TargetAttributes = {
					BD2EC6F62A95809A003974BD = {
						CreatedOnToolsVersion = 14.3.1;
					};
					BD2EC70C2A95809B003974BD = {
						CreatedOnToolsVersion = 14.3.1;
						TestTargetID = BD2EC6F62A95809A003974BD;
					};
					BD2EC7162A95809B003974BD = {
						CreatedOnToolsVersion = 14.3.1;
						TestTargetID = BD2EC6F62A95809A003974BD;
					};
				};
			};
			buildConfigurationList = BD2EC6F22A95809A003974BD /* Build configuration list for PBXProject "MyCourse" */;
			compatibilityVersion = "Xcode 14.0";
			developmentRegion = en;
			hasScannedForEncodings = 0;
			knownRegions = (
				en,
				Base,
			);
			mainGroup = BD2EC6EE2A95809A003974BD;
			packageReferences = (
				BD2EC72B2A9589A8003974BD /* XCRemoteSwiftPackageReference "Inject" */,
			);
			productRefGroup = BD2EC6F82A95809A003974BD /* Products */;
			projectDirPath = "";
			projectRoot = "";
			targets = (
				BD2EC6F62A95809A003974BD /* MyCourse */,
				BD2EC70C2A95809B003974BD /* MyCourseTests */,
				BD2EC7162A95809B003974BD /* MyCourseUITests */,
			);
		};
/* End PBXProject section */

/* Begin PBXResourcesBuildPhase section */
		BD2EC6F52A95809A003974BD /* Resources */ = {
			isa = PBXResourcesBuildPhase;
			buildActionMask = 2147483647;
			files = (
				BD2EC7072A95809B003974BD /* LaunchScreen.storyboard in Resources */,
				BD2EC7042A95809B003974BD /* Assets.xcassets in Resources */,
			);
			runOnlyForDeploymentPostprocessing = 0;
		};
		BD2EC70B2A95809B003974BD /* Resources */ = {
			isa = PBXResourcesBuildPhase;
			buildActionMask = 2147483647;
			files = (
			);
			runOnlyForDeploymentPostprocessing = 0;
		};
		BD2EC7152A95809B003974BD /* Resources */ = {
			isa = PBXResourcesBuildPhase;
			buildActionMask = 2147483647;
			files = (
			);
			runOnlyForDeploymentPostprocessing = 0;
		};
/* End PBXResourcesBuildPhase section */

/* Begin PBXSourcesBuildPhase section */
		BD2EC6F32A95809A003974BD /* Sources */ = {
			isa = PBXSourcesBuildPhase;
			buildActionMask = 2147483647;
			files = (
				BDEEA2F22A95D5EC00AFD019 /* Course.swift in Sources */,
				BDEEA2F72A95DEE300AFD019 /* HandbookCell.swift in Sources */,
				BD2EC6FF2A95809A003974BD /* CoursesViewController.swift in Sources */,
				BD39BAA62A9F1CF6003603A7 /* Handbooks.swift in Sources */,
				BDCD0BCF2A9886FB00A87127 /* TabBarController.swift in Sources */,
				BD39BA9F2A9EB6E9003603A7 /* SectionTableCell.swift in Sources */,
				BD2EC6FB2A95809A003974BD /* AppDelegate.swift in Sources */,
				BD2EC6FD2A95809A003974BD /* SceneDelegate.swift in Sources */,
				BDCD0BC92A9874F200A87127 /* ExploreViewController.swift in Sources */,
				BD39BAA32A9F0AD8003603A7 /* SelfSizedTable.swift in Sources */,
				BD3FB4922A9DB41500BB2A8D /* CourseViewController.swift in Sources */,
				BD39BAAA2A9F3F3B003603A7 /* SectionCollectionCell.swift in Sources */,
				BD39BA9D2A9EB186003603A7 /* Topics.swift in Sources */,
				BD39BAA82A9F31C4003603A7 /* TopicCell.swift in Sources */,
				BD5034722A96DB5D00A7C246 /* CourseTableCell.swift in Sources */,
				BD39BA9B2A9EB179003603A7 /* Section.swift in Sources */,
				BDCD0BCD2A98750800A87127 /* LibraryViewController.swift in Sources */,
				BDCD0BCB2A9874FD00A87127 /* NotificationsViewController.swift in Sources */,
			);
			runOnlyForDeploymentPostprocessing = 0;
		};
		BD2EC7092A95809B003974BD /* Sources */ = {
			isa = PBXSourcesBuildPhase;
			buildActionMask = 2147483647;
			files = (
				BD2EC7122A95809B003974BD /* MyCourseTests.swift in Sources */,
			);
			runOnlyForDeploymentPostprocessing = 0;
		};
		BD2EC7132A95809B003974BD /* Sources */ = {
			isa = PBXSourcesBuildPhase;
			buildActionMask = 2147483647;
			files = (
				BD2EC71E2A95809B003974BD /* MyCourseUITestsLaunchTests.swift in Sources */,
				BD2EC71C2A95809B003974BD /* MyCourseUITests.swift in Sources */,
			);
			runOnlyForDeploymentPostprocessing = 0;
		};
/* End PBXSourcesBuildPhase section */

/* Begin PBXTargetDependency section */
		BD2EC70F2A95809B003974BD /* PBXTargetDependency */ = {
			isa = PBXTargetDependency;
			target = BD2EC6F62A95809A003974BD /* MyCourse */;
			targetProxy = BD2EC70E2A95809B003974BD /* PBXContainerItemProxy */;
		};
		BD2EC7192A95809B003974BD /* PBXTargetDependency */ = {
			isa = PBXTargetDependency;
			target = BD2EC6F62A95809A003974BD /* MyCourse */;
			targetProxy = BD2EC7182A95809B003974BD /* PBXContainerItemProxy */;
		};
/* End PBXTargetDependency section */

/* Begin PBXVariantGroup section */
		BD2EC7052A95809B003974BD /* LaunchScreen.storyboard */ = {
			isa = PBXVariantGroup;
			children = (
				BD2EC7062A95809B003974BD /* Base */,
			);
			name = LaunchScreen.storyboard;
			sourceTree = "<group>";
		};
/* End PBXVariantGroup section */

/* Begin XCBuildConfiguration section */
		BD2EC71F2A95809B003974BD /* Debug */ = {
			isa = XCBuildConfiguration;
			buildSettings = {
				ALWAYS_SEARCH_USER_PATHS = NO;
				CLANG_ANALYZER_NONNULL = YES;
				CLANG_ANALYZER_NUMBER_OBJECT_CONVERSION = YES_AGGRESSIVE;
				CLANG_CXX_LANGUAGE_STANDARD = "gnu++20";
				CLANG_ENABLE_MODULES = YES;
				CLANG_ENABLE_OBJC_ARC = YES;
				CLANG_ENABLE_OBJC_WEAK = YES;
				CLANG_WARN_BLOCK_CAPTURE_AUTORELEASING = YES;
				CLANG_WARN_BOOL_CONVERSION = YES;
				CLANG_WARN_COMMA = YES;
				CLANG_WARN_CONSTANT_CONVERSION = YES;
				CLANG_WARN_DEPRECATED_OBJC_IMPLEMENTATIONS = YES;
				CLANG_WARN_DIRECT_OBJC_ISA_USAGE = YES_ERROR;
				CLANG_WARN_DOCUMENTATION_COMMENTS = YES;
				CLANG_WARN_EMPTY_BODY = YES;
				CLANG_WARN_ENUM_CONVERSION = YES;
				CLANG_WARN_INFINITE_RECURSION = YES;
				CLANG_WARN_INT_CONVERSION = YES;
				CLANG_WARN_NON_LITERAL_NULL_CONVERSION = YES;
				CLANG_WARN_OBJC_IMPLICIT_RETAIN_SELF = YES;
				CLANG_WARN_OBJC_LITERAL_CONVERSION = YES;
				CLANG_WARN_OBJC_ROOT_CLASS = YES_ERROR;
				CLANG_WARN_QUOTED_INCLUDE_IN_FRAMEWORK_HEADER = YES;
				CLANG_WARN_RANGE_LOOP_ANALYSIS = YES;
				CLANG_WARN_STRICT_PROTOTYPES = YES;
				CLANG_WARN_SUSPICIOUS_MOVE = YES;
				CLANG_WARN_UNGUARDED_AVAILABILITY = YES_AGGRESSIVE;
				CLANG_WARN_UNREACHABLE_CODE = YES;
				CLANG_WARN__DUPLICATE_METHOD_MATCH = YES;
				COPY_PHASE_STRIP = NO;
				DEBUG_INFORMATION_FORMAT = dwarf;
				ENABLE_STRICT_OBJC_MSGSEND = YES;
				ENABLE_TESTABILITY = YES;
				GCC_C_LANGUAGE_STANDARD = gnu11;
				GCC_DYNAMIC_NO_PIC = NO;
				GCC_NO_COMMON_BLOCKS = YES;
				GCC_OPTIMIZATION_LEVEL = 0;
				GCC_PREPROCESSOR_DEFINITIONS = (
					"DEBUG=1",
					"$(inherited)",
				);
				GCC_WARN_64_TO_32_BIT_CONVERSION = YES;
				GCC_WARN_ABOUT_RETURN_TYPE = YES_ERROR;
				GCC_WARN_UNDECLARED_SELECTOR = YES;
				GCC_WARN_UNINITIALIZED_AUTOS = YES_AGGRESSIVE;
				GCC_WARN_UNUSED_FUNCTION = YES;
				GCC_WARN_UNUSED_VARIABLE = YES;
				IPHONEOS_DEPLOYMENT_TARGET = 16.4;
				MTL_ENABLE_DEBUG_INFO = INCLUDE_SOURCE;
				MTL_FAST_MATH = YES;
				ONLY_ACTIVE_ARCH = YES;
				SDKROOT = iphoneos;
				SWIFT_ACTIVE_COMPILATION_CONDITIONS = DEBUG;
				SWIFT_OPTIMIZATION_LEVEL = "-Onone";
			};
			name = Debug;
		};
		BD2EC7202A95809B003974BD /* Release */ = {
			isa = XCBuildConfiguration;
			buildSettings = {
				ALWAYS_SEARCH_USER_PATHS = NO;
				CLANG_ANALYZER_NONNULL = YES;
				CLANG_ANALYZER_NUMBER_OBJECT_CONVERSION = YES_AGGRESSIVE;
				CLANG_CXX_LANGUAGE_STANDARD = "gnu++20";
				CLANG_ENABLE_MODULES = YES;
				CLANG_ENABLE_OBJC_ARC = YES;
				CLANG_ENABLE_OBJC_WEAK = YES;
				CLANG_WARN_BLOCK_CAPTURE_AUTORELEASING = YES;
				CLANG_WARN_BOOL_CONVERSION = YES;
				CLANG_WARN_COMMA = YES;
				CLANG_WARN_CONSTANT_CONVERSION = YES;
				CLANG_WARN_DEPRECATED_OBJC_IMPLEMENTATIONS = YES;
				CLANG_WARN_DIRECT_OBJC_ISA_USAGE = YES_ERROR;
				CLANG_WARN_DOCUMENTATION_COMMENTS = YES;
				CLANG_WARN_EMPTY_BODY = YES;
				CLANG_WARN_ENUM_CONVERSION = YES;
				CLANG_WARN_INFINITE_RECURSION = YES;
				CLANG_WARN_INT_CONVERSION = YES;
				CLANG_WARN_NON_LITERAL_NULL_CONVERSION = YES;
				CLANG_WARN_OBJC_IMPLICIT_RETAIN_SELF = YES;
				CLANG_WARN_OBJC_LITERAL_CONVERSION = YES;
				CLANG_WARN_OBJC_ROOT_CLASS = YES_ERROR;
				CLANG_WARN_QUOTED_INCLUDE_IN_FRAMEWORK_HEADER = YES;
				CLANG_WARN_RANGE_LOOP_ANALYSIS = YES;
				CLANG_WARN_STRICT_PROTOTYPES = YES;
				CLANG_WARN_SUSPICIOUS_MOVE = YES;
				CLANG_WARN_UNGUARDED_AVAILABILITY = YES_AGGRESSIVE;
				CLANG_WARN_UNREACHABLE_CODE = YES;
				CLANG_WARN__DUPLICATE_METHOD_MATCH = YES;
				COPY_PHASE_STRIP = NO;
				DEBUG_INFORMATION_FORMAT = "dwarf-with-dsym";
				ENABLE_NS_ASSERTIONS = NO;
				ENABLE_STRICT_OBJC_MSGSEND = YES;
				GCC_C_LANGUAGE_STANDARD = gnu11;
				GCC_NO_COMMON_BLOCKS = YES;
				GCC_WARN_64_TO_32_BIT_CONVERSION = YES;
				GCC_WARN_ABOUT_RETURN_TYPE = YES_ERROR;
				GCC_WARN_UNDECLARED_SELECTOR = YES;
				GCC_WARN_UNINITIALIZED_AUTOS = YES_AGGRESSIVE;
				GCC_WARN_UNUSED_FUNCTION = YES;
				GCC_WARN_UNUSED_VARIABLE = YES;
				IPHONEOS_DEPLOYMENT_TARGET = 16.4;
				MTL_ENABLE_DEBUG_INFO = NO;
				MTL_FAST_MATH = YES;
				SDKROOT = iphoneos;
				SWIFT_COMPILATION_MODE = wholemodule;
				SWIFT_OPTIMIZATION_LEVEL = "-O";
				VALIDATE_PRODUCT = YES;
			};
			name = Release;
		};
		BD2EC7222A95809B003974BD /* Debug */ = {
			isa = XCBuildConfiguration;
			buildSettings = {
				ASSETCATALOG_COMPILER_APPICON_NAME = AppIcon;
				ASSETCATALOG_COMPILER_GLOBAL_ACCENT_COLOR_NAME = AccentColor;
				CODE_SIGN_STYLE = Automatic;
				CURRENT_PROJECT_VERSION = 1;
				DEVELOPMENT_TEAM = C377JK4BF2;
				GENERATE_INFOPLIST_FILE = YES;
				INFOPLIST_FILE = MyCourse/Info.plist;
				INFOPLIST_KEY_UIApplicationSupportsIndirectInputEvents = YES;
				INFOPLIST_KEY_UILaunchStoryboardName = LaunchScreen;
				INFOPLIST_KEY_UIMainStoryboardFile = "";
				INFOPLIST_KEY_UISupportedInterfaceOrientations_iPad = "UIInterfaceOrientationPortrait UIInterfaceOrientationPortraitUpsideDown UIInterfaceOrientationLandscapeLeft UIInterfaceOrientationLandscapeRight";
				INFOPLIST_KEY_UISupportedInterfaceOrientations_iPhone = "UIInterfaceOrientationPortrait UIInterfaceOrientationLandscapeLeft UIInterfaceOrientationLandscapeRight";
				LD_RUNPATH_SEARCH_PATHS = (
					"$(inherited)",
					"@executable_path/Frameworks",
				);
				MARKETING_VERSION = 1.0;
				PRODUCT_BUNDLE_IDENTIFIER = com.krrevilla.MyCourse;
				PRODUCT_NAME = "$(TARGET_NAME)";
				SWIFT_EMIT_LOC_STRINGS = YES;
				SWIFT_VERSION = 5.0;
				TARGETED_DEVICE_FAMILY = "1,2";
			};
			name = Debug;
		};
		BD2EC7232A95809B003974BD /* Release */ = {
			isa = XCBuildConfiguration;
			buildSettings = {
				ASSETCATALOG_COMPILER_APPICON_NAME = AppIcon;
				ASSETCATALOG_COMPILER_GLOBAL_ACCENT_COLOR_NAME = AccentColor;
				CODE_SIGN_STYLE = Automatic;
				CURRENT_PROJECT_VERSION = 1;
				DEVELOPMENT_TEAM = C377JK4BF2;
				GENERATE_INFOPLIST_FILE = YES;
				INFOPLIST_FILE = MyCourse/Info.plist;
				INFOPLIST_KEY_UIApplicationSupportsIndirectInputEvents = YES;
				INFOPLIST_KEY_UILaunchStoryboardName = LaunchScreen;
				INFOPLIST_KEY_UIMainStoryboardFile = "";
				INFOPLIST_KEY_UISupportedInterfaceOrientations_iPad = "UIInterfaceOrientationPortrait UIInterfaceOrientationPortraitUpsideDown UIInterfaceOrientationLandscapeLeft UIInterfaceOrientationLandscapeRight";
				INFOPLIST_KEY_UISupportedInterfaceOrientations_iPhone = "UIInterfaceOrientationPortrait UIInterfaceOrientationLandscapeLeft UIInterfaceOrientationLandscapeRight";
				LD_RUNPATH_SEARCH_PATHS = (
					"$(inherited)",
					"@executable_path/Frameworks",
				);
				MARKETING_VERSION = 1.0;
				PRODUCT_BUNDLE_IDENTIFIER = com.krrevilla.MyCourse;
				PRODUCT_NAME = "$(TARGET_NAME)";
				SWIFT_EMIT_LOC_STRINGS = YES;
				SWIFT_VERSION = 5.0;
				TARGETED_DEVICE_FAMILY = "1,2";
			};
			name = Release;
		};
		BD2EC7252A95809B003974BD /* Debug */ = {
			isa = XCBuildConfiguration;
			buildSettings = {
				ALWAYS_EMBED_SWIFT_STANDARD_LIBRARIES = YES;
				BUNDLE_LOADER = "$(TEST_HOST)";
				CODE_SIGN_STYLE = Automatic;
				CURRENT_PROJECT_VERSION = 1;
				DEVELOPMENT_TEAM = C377JK4BF2;
				GENERATE_INFOPLIST_FILE = YES;
				IPHONEOS_DEPLOYMENT_TARGET = 16.4;
				MARKETING_VERSION = 1.0;
				PRODUCT_BUNDLE_IDENTIFIER = com.krrevilla.MyCourseTests;
				PRODUCT_NAME = "$(TARGET_NAME)";
				SWIFT_EMIT_LOC_STRINGS = NO;
				SWIFT_VERSION = 5.0;
				TARGETED_DEVICE_FAMILY = "1,2";
				TEST_HOST = "$(BUILT_PRODUCTS_DIR)/MyCourse.app/$(BUNDLE_EXECUTABLE_FOLDER_PATH)/MyCourse";
			};
			name = Debug;
		};
		BD2EC7262A95809B003974BD /* Release */ = {
			isa = XCBuildConfiguration;
			buildSettings = {
				ALWAYS_EMBED_SWIFT_STANDARD_LIBRARIES = YES;
				BUNDLE_LOADER = "$(TEST_HOST)";
				CODE_SIGN_STYLE = Automatic;
				CURRENT_PROJECT_VERSION = 1;
				DEVELOPMENT_TEAM = C377JK4BF2;
				GENERATE_INFOPLIST_FILE = YES;
				IPHONEOS_DEPLOYMENT_TARGET = 16.4;
				MARKETING_VERSION = 1.0;
				PRODUCT_BUNDLE_IDENTIFIER = com.krrevilla.MyCourseTests;
				PRODUCT_NAME = "$(TARGET_NAME)";
				SWIFT_EMIT_LOC_STRINGS = NO;
				SWIFT_VERSION = 5.0;
				TARGETED_DEVICE_FAMILY = "1,2";
				TEST_HOST = "$(BUILT_PRODUCTS_DIR)/MyCourse.app/$(BUNDLE_EXECUTABLE_FOLDER_PATH)/MyCourse";
			};
			name = Release;
		};
		BD2EC7282A95809B003974BD /* Debug */ = {
			isa = XCBuildConfiguration;
			buildSettings = {
				ALWAYS_EMBED_SWIFT_STANDARD_LIBRARIES = YES;
				CODE_SIGN_STYLE = Automatic;
				CURRENT_PROJECT_VERSION = 1;
				DEVELOPMENT_TEAM = C377JK4BF2;
				GENERATE_INFOPLIST_FILE = YES;
				MARKETING_VERSION = 1.0;
				PRODUCT_BUNDLE_IDENTIFIER = com.krrevilla.MyCourseUITests;
				PRODUCT_NAME = "$(TARGET_NAME)";
				SWIFT_EMIT_LOC_STRINGS = NO;
				SWIFT_VERSION = 5.0;
				TARGETED_DEVICE_FAMILY = "1,2";
				TEST_TARGET_NAME = MyCourse;
			};
			name = Debug;
		};
		BD2EC7292A95809B003974BD /* Release */ = {
			isa = XCBuildConfiguration;
			buildSettings = {
				ALWAYS_EMBED_SWIFT_STANDARD_LIBRARIES = YES;
				CODE_SIGN_STYLE = Automatic;
				CURRENT_PROJECT_VERSION = 1;
				DEVELOPMENT_TEAM = C377JK4BF2;
				GENERATE_INFOPLIST_FILE = YES;
				MARKETING_VERSION = 1.0;
				PRODUCT_BUNDLE_IDENTIFIER = com.krrevilla.MyCourseUITests;
				PRODUCT_NAME = "$(TARGET_NAME)";
				SWIFT_EMIT_LOC_STRINGS = NO;
				SWIFT_VERSION = 5.0;
				TARGETED_DEVICE_FAMILY = "1,2";
				TEST_TARGET_NAME = MyCourse;
			};
			name = Release;
		};
/* End XCBuildConfiguration section */

/* Begin XCConfigurationList section */
		BD2EC6F22A95809A003974BD /* Build configuration list for PBXProject "MyCourse" */ = {
			isa = XCConfigurationList;
			buildConfigurations = (
				BD2EC71F2A95809B003974BD /* Debug */,
				BD2EC7202A95809B003974BD /* Release */,
			);
			defaultConfigurationIsVisible = 0;
			defaultConfigurationName = Release;
		};
		BD2EC7212A95809B003974BD /* Build configuration list for PBXNativeTarget "MyCourse" */ = {
			isa = XCConfigurationList;
			buildConfigurations = (
				BD2EC7222A95809B003974BD /* Debug */,
				BD2EC7232A95809B003974BD /* Release */,
			);
			defaultConfigurationIsVisible = 0;
			defaultConfigurationName = Release;
		};
		BD2EC7242A95809B003974BD /* Build configuration list for PBXNativeTarget "MyCourseTests" */ = {
			isa = XCConfigurationList;
			buildConfigurations = (
				BD2EC7252A95809B003974BD /* Debug */,
				BD2EC7262A95809B003974BD /* Release */,
			);
			defaultConfigurationIsVisible = 0;
			defaultConfigurationName = Release;
		};
		BD2EC7272A95809B003974BD /* Build configuration list for PBXNativeTarget "MyCourseUITests" */ = {
			isa = XCConfigurationList;
			buildConfigurations = (
				BD2EC7282A95809B003974BD /* Debug */,
				BD2EC7292A95809B003974BD /* Release */,
			);
			defaultConfigurationIsVisible = 0;
			defaultConfigurationName = Release;
		};
/* End XCConfigurationList section */

/* Begin XCRemoteSwiftPackageReference section */
		BD2EC72B2A9589A8003974BD /* XCRemoteSwiftPackageReference "Inject" */ = {
			isa = XCRemoteSwiftPackageReference;
			repositoryURL = "https://github.com/krzysztofzablocki/Inject.git";
			requirement = {
				kind = upToNextMajorVersion;
				minimumVersion = 1.0.0;
			};
		};
/* End XCRemoteSwiftPackageReference section */

/* Begin XCSwiftPackageProductDependency section */
		BD2EC72C2A9589A8003974BD /* Inject */ = {
			isa = XCSwiftPackageProductDependency;
			package = BD2EC72B2A9589A8003974BD /* XCRemoteSwiftPackageReference "Inject" */;
			productName = Inject;
		};
/* End XCSwiftPackageProductDependency section */
	};
	rootObject = BD2EC6EF2A95809A003974BD /* Project object */;
}
